
Microsoft Visual Studio Solution File, Format Version 12.00
# Visual Studio Version 17
VisualStudioVersion = 17.2.32616.157
MinimumVisualStudioVersion = 10.0.40219.1
Project("{FAE04EC0-301F-11D3-BF4B-00C04F79EFBC}") = "BusinessObjects", "BusinessObjects\BusinessObjects.csproj", "{4D3145BD-EB99-402B-BF18-5FC760DF3C9D}"
EndProject
Project("{FAE04EC0-301F-11D3-BF4B-00C04F79EFBC}") = "Repositories", "Repositories\Repositories.csproj", "{66193FFB-E036-42BC-96AF-1495E016056C}"
EndProject
Project("{FAE04EC0-301F-11D3-BF4B-00C04F79EFBC}") = "DataAccess", "DataAccess\DataAccess.csproj", "{01F168E5-D656-41BC-BF11-0FA560527D95}"
EndProject
Project("{FAE04EC0-301F-11D3-BF4B-00C04F79EFBC}") = "ProjectManagementAPI", "ProjectManagementAPI\ProjectManagementAPI.csproj", "{97FBB29C-26E8-4E48-8769-B908C62B30E8}"
EndProject
Project("{FAE04EC0-301F-11D3-BF4B-00C04F79EFBC}") = "ProductManagementWebClient", "ProductManagementWebClient\ProductManagementWebClient.csproj", "{A31F1594-A2B0-44D2-84EA-9334BFA8C3F8}"
EndProject
Global
	GlobalSection(SolutionConfigurationPlatforms) = preSolution
		Debug|Any CPU = Debug|Any CPU
		Release|Any CPU = Release|Any CPU
	EndGlobalSection
	GlobalSection(ProjectConfigurationPlatforms) = postSolution
		{4D3145BD-EB99-402B-BF18-5FC760DF3C9D}.Debug|Any CPU.ActiveCfg = Debug|Any CPU
		{4D3145BD-EB99-402B-BF18-5FC760DF3C9D}.Debug|Any CPU.Build.0 = Debug|Any CPU
		{4D3145BD-EB99-402B-BF18-5FC760DF3C9D}.Release|Any CPU.ActiveCfg = Release|Any CPU
		{4D3145BD-EB99-402B-BF18-5FC760DF3C9D}.Release|Any CPU.Build.0 = Release|Any CPU
		{66193FFB-E036-42BC-96AF-1495E016056C}.Debug|Any CPU.ActiveCfg = Debug|Any CPU
		{66193FFB-E036-42BC-96AF-1495E016056C}.Debug|Any CPU.Build.0 = Debug|Any CPU
		{66193FFB-E036-42BC-96AF-1495E016056C}.Release|Any CPU.ActiveCfg = Release|Any CPU
		{66193FFB-E036-42BC-96AF-1495E016056C}.Release|Any CPU.Build.0 = Release|Any CPU
		{01F168E5-D656-41BC-BF11-0FA560527D95}.Debug|Any CPU.ActiveCfg = Debug|Any CPU
		{01F168E5-D656-41BC-BF11-0FA560527D95}.Debug|Any CPU.Build.0 = Debug|Any CPU
		{01F168E5-D656-41BC-BF11-0FA560527D95}.Release|Any CPU.ActiveCfg = Release|Any CPU
		{01F168E5-D656-41BC-BF11-0FA560527D95}.Release|Any CPU.Build.0 = Release|Any CPU
		{97FBB29C-26E8-4E48-8769-B908C62B30E8}.Debug|Any CPU.ActiveCfg = Debug|Any CPU
		{97FBB29C-26E8-4E48-8769-B908C62B30E8}.Debug|Any CPU.Build.0 = Debug|Any CPU
		{97FBB29C-26E8-4E48-8769-B908C62B30E8}.Release|Any CPU.ActiveCfg = Release|Any CPU
		{97FBB29C-26E8-4E48-8769-B908C62B30E8}.Release|Any CPU.Build.0 = Release|Any CPU
		{A31F1594-A2B0-44D2-84EA-9334BFA8C3F8}.Debug|Any CPU.ActiveCfg = Debug|Any CPU
		{A31F1594-A2B0-44D2-84EA-9334BFA8C3F8}.Debug|Any CPU.Build.0 = Debug|Any CPU
		{A31F1594-A2B0-44D2-84EA-9334BFA8C3F8}.Release|Any CPU.ActiveCfg = Release|Any CPU
		{A31F1594-A2B0-44D2-84EA-9334BFA8C3F8}.Release|Any CPU.Build.0 = Release|Any CPU
	EndGlobalSection
	GlobalSection(SolutionProperties) = preSolution
		HideSolutionNode = FALSE
	EndGlobalSection
	GlobalSection(ExtensibilityGlobals) = postSolution
		SolutionGuid = {BA285738-1361-4DB8-8F3D-2AA10FD0D767}
	EndGlobalSection
EndGlobal
